
Microsoft Visual Studio Solution File, Format Version 12.00
# Visual Studio Version 17
VisualStudioVersion = 17.9.34902.65
MinimumVisualStudioVersion = 10.0.40219.1
Project("{FAE04EC0-301F-11D3-BF4B-00C04F79EFBC}") = "THWith_aray_list_dictionary", "THWith_aray_list_dictionary\THWith_aray_list_dictionary.csproj", "{760AB071-55EA-4482-8AB8-E44AE3AC12D9}"
EndProject
Global
	GlobalSection(SolutionConfigurationPlatforms) = preSolution
		Debug|Any CPU = Debug|Any CPU
		Release|Any CPU = Release|Any CPU
	EndGlobalSection
	GlobalSection(ProjectConfigurationPlatforms) = postSolution
		{760AB071-55EA-4482-8AB8-E44AE3AC12D9}.Debug|Any CPU.ActiveCfg = Debug|Any CPU
		{760AB071-55EA-4482-8AB8-E44AE3AC12D9}.Debug|Any CPU.Build.0 = Debug|Any CPU
		{760AB071-55EA-4482-8AB8-E44AE3AC12D9}.Release|Any CPU.ActiveCfg = Release|Any CPU
		{760AB071-55EA-4482-8AB8-E44AE3AC12D9}.Release|Any CPU.Build.0 = Release|Any CPU
	EndGlobalSection
	GlobalSection(SolutionProperties) = preSolution
		HideSolutionNode = FALSE
	EndGlobalSection
	GlobalSection(ExtensibilityGlobals) = postSolution
		SolutionGuid = {164C6D95-6B1D-43C9-803C-FB00607A2E9E}
	EndGlobalSection
EndGlobal
